// !$*UTF8*$!
{
	archiveVersion = 1;
	classes = {
	};
	objectVersion = 50;
	objects = {

/* Begin PBXBuildFile section */
		AB1B8ACC234CB067004D1952 /* AStoryboard.storyboard in Resources */ = {isa = PBXBuildFile; fileRef = AB1B8ACB234CB067004D1952 /* AStoryboard.storyboard */; };
		AB1B8ACE234CB06F004D1952 /* BStoryboard.storyboard in Resources */ = {isa = PBXBuildFile; fileRef = AB1B8ACD234CB06F004D1952 /* BStoryboard.storyboard */; };
		AB1B8AD0234CB187004D1952 /* BFactory.swift in Sources */ = {isa = PBXBuildFile; fileRef = AB1B8ACF234CB187004D1952 /* BFactory.swift */; };
		AB1B8AD2234CB198004D1952 /* BViewOutput.swift in Sources */ = {isa = PBXBuildFile; fileRef = AB1B8AD1234CB198004D1952 /* BViewOutput.swift */; };
		AB40EDF523475B850091070B /* Coordinator.framework in Frameworks */ = {isa = PBXBuildFile; fileRef = AB40EDEB23475B840091070B /* Coordinator.framework */; };
		AB40EDFA23475B850091070B /* CoordinatorTests.swift in Sources */ = {isa = PBXBuildFile; fileRef = AB40EDF923475B850091070B /* CoordinatorTests.swift */; };
		AB40EDFC23475B850091070B /* Coordinator.h in Headers */ = {isa = PBXBuildFile; fileRef = AB40EDEE23475B850091070B /* Coordinator.h */; settings = {ATTRIBUTES = (Public, ); }; };
		AB40EE0623475BD10091070B /* Coordinator.swift in Sources */ = {isa = PBXBuildFile; fileRef = AB40EE0523475BD10091070B /* Coordinator.swift */; };
		AB40EE2623475F9A0091070B /* AppDelegate.swift in Sources */ = {isa = PBXBuildFile; fileRef = AB40EE2523475F9A0091070B /* AppDelegate.swift */; };
		AB40EE2823475F9A0091070B /* SceneDelegate.swift in Sources */ = {isa = PBXBuildFile; fileRef = AB40EE2723475F9A0091070B /* SceneDelegate.swift */; };
		AB40EE2A23475F9A0091070B /* AViewController.swift in Sources */ = {isa = PBXBuildFile; fileRef = AB40EE2923475F9A0091070B /* AViewController.swift */; };
		AB40EE2D23475F9A0091070B /* Main.storyboard in Resources */ = {isa = PBXBuildFile; fileRef = AB40EE2B23475F9A0091070B /* Main.storyboard */; };
		AB40EE2F23475F9A0091070B /* Assets.xcassets in Resources */ = {isa = PBXBuildFile; fileRef = AB40EE2E23475F9A0091070B /* Assets.xcassets */; };
		AB40EE3223475F9A0091070B /* LaunchScreen.storyboard in Resources */ = {isa = PBXBuildFile; fileRef = AB40EE3023475F9A0091070B /* LaunchScreen.storyboard */; };
		AB40EE3823475FBE0091070B /* BViewController.swift in Sources */ = {isa = PBXBuildFile; fileRef = AB40EE3723475FBE0091070B /* BViewController.swift */; };
		AB40EE3D234760090091070B /* ACoordinator.swift in Sources */ = {isa = PBXBuildFile; fileRef = AB40EE3C234760090091070B /* ACoordinator.swift */; };
		AB40EE3F2347602B0091070B /* ApplicationCoordinator.swift in Sources */ = {isa = PBXBuildFile; fileRef = AB40EE3E2347602B0091070B /* ApplicationCoordinator.swift */; };
		AB40EE48234761A10091070B /* Coordinator.framework in Frameworks */ = {isa = PBXBuildFile; fileRef = AB40EDEB23475B840091070B /* Coordinator.framework */; };
		AB40EE4A234764580091070B /* BCoordinator.swift in Sources */ = {isa = PBXBuildFile; fileRef = AB40EE49234764580091070B /* BCoordinator.swift */; };
		AB41FD272348E5CD00E3AE2B /* BaseCoordinator.swift in Sources */ = {isa = PBXBuildFile; fileRef = AB41FD262348E5CD00E3AE2B /* BaseCoordinator.swift */; };
		AB820A79234B3FD000884EF7 /* README.md in Resources */ = {isa = PBXBuildFile; fileRef = AB820A78234B3FD000884EF7 /* README.md */; };
		AB820A7B234B3FFF00884EF7 /* BaseVC.swift in Sources */ = {isa = PBXBuildFile; fileRef = AB820A7A234B3FFF00884EF7 /* BaseVC.swift */; };
		AB820A7D234B401100884EF7 /* Deinit.swift in Sources */ = {isa = PBXBuildFile; fileRef = AB820A7C234B401100884EF7 /* Deinit.swift */; };
		ABBF75CE234C9E6D00B9FE12 /* Factory.swift in Sources */ = {isa = PBXBuildFile; fileRef = ABBF75CD234C9E6D00B9FE12 /* Factory.swift */; };
		ABBF75D1234CA09900B9FE12 /* Router.swift in Sources */ = {isa = PBXBuildFile; fileRef = ABBF75D0234CA09900B9FE12 /* Router.swift */; };
		ABBF75D3234CA3F200B9FE12 /* Presentable.swift in Sources */ = {isa = PBXBuildFile; fileRef = ABBF75D2234CA3F200B9FE12 /* Presentable.swift */; };
		ABBF75D6234CA7E300B9FE12 /* AViewOutput.swift in Sources */ = {isa = PBXBuildFile; fileRef = ABBF75D5234CA7E300B9FE12 /* AViewOutput.swift */; };
		ABBF75D8234CA7FF00B9FE12 /* BaseView.swift in Sources */ = {isa = PBXBuildFile; fileRef = ABBF75D7234CA7FF00B9FE12 /* BaseView.swift */; };
		ABBF75DA234CA85F00B9FE12 /* AFactory.swift in Sources */ = {isa = PBXBuildFile; fileRef = ABBF75D9234CA85F00B9FE12 /* AFactory.swift */; };
/* End PBXBuildFile section */

/* Begin PBXContainerItemProxy section */
		AB40EDF623475B850091070B /* PBXContainerItemProxy */ = {
			isa = PBXContainerItemProxy;
			containerPortal = AB40EDE223475B840091070B /* Project object */;
			proxyType = 1;
			remoteGlobalIDString = AB40EDEA23475B840091070B;
			remoteInfo = Coordinator;
		};
		AB40EE462347619D0091070B /* PBXContainerItemProxy */ = {
			isa = PBXContainerItemProxy;
			containerPortal = AB40EDE223475B840091070B /* Project object */;
			proxyType = 1;
			remoteGlobalIDString = AB40EDEA23475B840091070B;
			remoteInfo = Coordinator;
		};
/* End PBXContainerItemProxy section */

/* Begin PBXFileReference section */
		AB1B8ACB234CB067004D1952 /* AStoryboard.storyboard */ = {isa = PBXFileReference; lastKnownFileType = file.storyboard; path = AStoryboard.storyboard; sourceTree = "<group>"; };
		AB1B8ACD234CB06F004D1952 /* BStoryboard.storyboard */ = {isa = PBXFileReference; lastKnownFileType = file.storyboard; path = BStoryboard.storyboard; sourceTree = "<group>"; };
		AB1B8ACF234CB187004D1952 /* BFactory.swift */ = {isa = PBXFileReference; lastKnownFileType = sourcecode.swift; path = BFactory.swift; sourceTree = "<group>"; };
		AB1B8AD1234CB198004D1952 /* BViewOutput.swift */ = {isa = PBXFileReference; lastKnownFileType = sourcecode.swift; path = BViewOutput.swift; sourceTree = "<group>"; };
		AB40EDEB23475B840091070B /* Coordinator.framework */ = {isa = PBXFileReference; explicitFileType = wrapper.framework; includeInIndex = 0; path = Coordinator.framework; sourceTree = BUILT_PRODUCTS_DIR; };
		AB40EDEE23475B850091070B /* Coordinator.h */ = {isa = PBXFileReference; lastKnownFileType = sourcecode.c.h; path = Coordinator.h; sourceTree = "<group>"; };
		AB40EDEF23475B850091070B /* Info.plist */ = {isa = PBXFileReference; lastKnownFileType = text.plist.xml; path = Info.plist; sourceTree = "<group>"; };
		AB40EDF423475B850091070B /* CoordinatorTests.xctest */ = {isa = PBXFileReference; explicitFileType = wrapper.cfbundle; includeInIndex = 0; path = CoordinatorTests.xctest; sourceTree = BUILT_PRODUCTS_DIR; };
		AB40EDF923475B850091070B /* CoordinatorTests.swift */ = {isa = PBXFileReference; lastKnownFileType = sourcecode.swift; path = CoordinatorTests.swift; sourceTree = "<group>"; };
		AB40EDFB23475B850091070B /* Info.plist */ = {isa = PBXFileReference; lastKnownFileType = text.plist.xml; path = Info.plist; sourceTree = "<group>"; };
		AB40EE0523475BD10091070B /* Coordinator.swift */ = {isa = PBXFileReference; lastKnownFileType = sourcecode.swift; path = Coordinator.swift; sourceTree = "<group>"; };
		AB40EE2323475F990091070B /* Example.app */ = {isa = PBXFileReference; explicitFileType = wrapper.application; includeInIndex = 0; path = Example.app; sourceTree = BUILT_PRODUCTS_DIR; };
		AB40EE2523475F9A0091070B /* AppDelegate.swift */ = {isa = PBXFileReference; lastKnownFileType = sourcecode.swift; path = AppDelegate.swift; sourceTree = "<group>"; };
		AB40EE2723475F9A0091070B /* SceneDelegate.swift */ = {isa = PBXFileReference; lastKnownFileType = sourcecode.swift; path = SceneDelegate.swift; sourceTree = "<group>"; };
		AB40EE2923475F9A0091070B /* AViewController.swift */ = {isa = PBXFileReference; lastKnownFileType = sourcecode.swift; path = AViewController.swift; sourceTree = "<group>"; };
		AB40EE2C23475F9A0091070B /* Base */ = {isa = PBXFileReference; lastKnownFileType = file.storyboard; name = Base; path = Base.lproj/Main.storyboard; sourceTree = "<group>"; };
		AB40EE2E23475F9A0091070B /* Assets.xcassets */ = {isa = PBXFileReference; lastKnownFileType = folder.assetcatalog; path = Assets.xcassets; sourceTree = "<group>"; };
		AB40EE3123475F9A0091070B /* Base */ = {isa = PBXFileReference; lastKnownFileType = file.storyboard; name = Base; path = Base.lproj/LaunchScreen.storyboard; sourceTree = "<group>"; };
		AB40EE3323475F9A0091070B /* Info.plist */ = {isa = PBXFileReference; lastKnownFileType = text.plist.xml; path = Info.plist; sourceTree = "<group>"; };
		AB40EE3723475FBE0091070B /* BViewController.swift */ = {isa = PBXFileReference; lastKnownFileType = sourcecode.swift; path = BViewController.swift; sourceTree = "<group>"; };
		AB40EE3C234760090091070B /* ACoordinator.swift */ = {isa = PBXFileReference; lastKnownFileType = sourcecode.swift; path = ACoordinator.swift; sourceTree = "<group>"; };
		AB40EE3E2347602B0091070B /* ApplicationCoordinator.swift */ = {isa = PBXFileReference; lastKnownFileType = sourcecode.swift; path = ApplicationCoordinator.swift; sourceTree = "<group>"; };
		AB40EE49234764580091070B /* BCoordinator.swift */ = {isa = PBXFileReference; lastKnownFileType = sourcecode.swift; path = BCoordinator.swift; sourceTree = "<group>"; };
		AB41FD262348E5CD00E3AE2B /* BaseCoordinator.swift */ = {isa = PBXFileReference; lastKnownFileType = sourcecode.swift; path = BaseCoordinator.swift; sourceTree = "<group>"; };
		AB820A78234B3FD000884EF7 /* README.md */ = {isa = PBXFileReference; fileEncoding = 4; lastKnownFileType = net.daringfireball.markdown; path = README.md; sourceTree = "<group>"; };
		AB820A7A234B3FFF00884EF7 /* BaseVC.swift */ = {isa = PBXFileReference; lastKnownFileType = sourcecode.swift; path = BaseVC.swift; sourceTree = "<group>"; };
		AB820A7C234B401100884EF7 /* Deinit.swift */ = {isa = PBXFileReference; lastKnownFileType = sourcecode.swift; path = Deinit.swift; sourceTree = "<group>"; };
		ABBF75CD234C9E6D00B9FE12 /* Factory.swift */ = {isa = PBXFileReference; lastKnownFileType = sourcecode.swift; path = Factory.swift; sourceTree = "<group>"; };
		ABBF75D0234CA09900B9FE12 /* Router.swift */ = {isa = PBXFileReference; lastKnownFileType = sourcecode.swift; path = Router.swift; sourceTree = "<group>"; };
		ABBF75D2234CA3F200B9FE12 /* Presentable.swift */ = {isa = PBXFileReference; lastKnownFileType = sourcecode.swift; path = Presentable.swift; sourceTree = "<group>"; };
		ABBF75D5234CA7E300B9FE12 /* AViewOutput.swift */ = {isa = PBXFileReference; lastKnownFileType = sourcecode.swift; path = AViewOutput.swift; sourceTree = "<group>"; };
		ABBF75D7234CA7FF00B9FE12 /* BaseView.swift */ = {isa = PBXFileReference; lastKnownFileType = sourcecode.swift; path = BaseView.swift; sourceTree = "<group>"; };
		ABBF75D9234CA85F00B9FE12 /* AFactory.swift */ = {isa = PBXFileReference; lastKnownFileType = sourcecode.swift; path = AFactory.swift; sourceTree = "<group>"; };
/* End PBXFileReference section */

/* Begin PBXFrameworksBuildPhase section */
		AB40EDE823475B840091070B /* Frameworks */ = {
			isa = PBXFrameworksBuildPhase;
			buildActionMask = 2147483647;
			files = (
			);
			runOnlyForDeploymentPostprocessing = 0;
		};
		AB40EDF123475B850091070B /* Frameworks */ = {
			isa = PBXFrameworksBuildPhase;
			buildActionMask = 2147483647;
			files = (
				AB40EDF523475B850091070B /* Coordinator.framework in Frameworks */,
			);
			runOnlyForDeploymentPostprocessing = 0;
		};
		AB40EE2023475F990091070B /* Frameworks */ = {
			isa = PBXFrameworksBuildPhase;
			buildActionMask = 2147483647;
			files = (
				AB40EE48234761A10091070B /* Coordinator.framework in Frameworks */,
			);
			runOnlyForDeploymentPostprocessing = 0;
		};
/* End PBXFrameworksBuildPhase section */

/* Begin PBXGroup section */
		AB1B8AD3234CB19F004D1952 /* Controllers */ = {
			isa = PBXGroup;
			children = (
				AB40EE2923475F9A0091070B /* AViewController.swift */,
				ABBF75D5234CA7E300B9FE12 /* AViewOutput.swift */,
			);
			path = Controllers;
			sourceTree = "<group>";
		};
		AB1B8AD4234CB1A7004D1952 /* Factory */ = {
			isa = PBXGroup;
			children = (
				ABBF75D9234CA85F00B9FE12 /* AFactory.swift */,
			);
			path = Factory;
			sourceTree = "<group>";
		};
		AB1B8AD5234CB1AB004D1952 /* Coordinator */ = {
			isa = PBXGroup;
			children = (
				AB40EE3C234760090091070B /* ACoordinator.swift */,
			);
			path = Coordinator;
			sourceTree = "<group>";
		};
		AB1B8AD6234CB1AF004D1952 /* Storyboard */ = {
			isa = PBXGroup;
			children = (
				AB1B8ACB234CB067004D1952 /* AStoryboard.storyboard */,
			);
			path = Storyboard;
			sourceTree = "<group>";
		};
		AB40EDE123475B840091070B = {
			isa = PBXGroup;
			children = (
				AB820A78234B3FD000884EF7 /* README.md */,
				AB40EDED23475B840091070B /* Coordinator */,
				AB40EDF823475B850091070B /* CoordinatorTests */,
				AB40EE2423475F9A0091070B /* Example */,
				AB40EDEC23475B840091070B /* Products */,
				AB40EE40234761870091070B /* Frameworks */,
			);
			sourceTree = "<group>";
		};
		AB40EDEC23475B840091070B /* Products */ = {
			isa = PBXGroup;
			children = (
				AB40EDEB23475B840091070B /* Coordinator.framework */,
				AB40EDF423475B850091070B /* CoordinatorTests.xctest */,
				AB40EE2323475F990091070B /* Example.app */,
			);
			name = Products;
			sourceTree = "<group>";
		};
		AB40EDED23475B840091070B /* Coordinator */ = {
			isa = PBXGroup;
			children = (
				AB40EDEE23475B850091070B /* Coordinator.h */,
				AB40EE0523475BD10091070B /* Coordinator.swift */,
				AB41FD262348E5CD00E3AE2B /* BaseCoordinator.swift */,
				AB820A7C234B401100884EF7 /* Deinit.swift */,
				AB820A7A234B3FFF00884EF7 /* BaseVC.swift */,
				ABBF75CF234CA08F00B9FE12 /* Router */,
				ABBF75CC234C9E6300B9FE12 /* Factory */,
				AB40EDEF23475B850091070B /* Info.plist */,
			);
			path = Coordinator;
			sourceTree = "<group>";
		};
		AB40EDF823475B850091070B /* CoordinatorTests */ = {
			isa = PBXGroup;
			children = (
				AB40EDF923475B850091070B /* CoordinatorTests.swift */,
				AB40EDFB23475B850091070B /* Info.plist */,
			);
			path = CoordinatorTests;
			sourceTree = "<group>";
		};
		AB40EE2423475F9A0091070B /* Example */ = {
			isa = PBXGroup;
			children = (
				AB40EE2523475F9A0091070B /* AppDelegate.swift */,
				AB40EE2723475F9A0091070B /* SceneDelegate.swift */,
				AB40EE3E2347602B0091070B /* ApplicationCoordinator.swift */,
				AB40EE3923475FE20091070B /* Flows */,
				AB40EE2B23475F9A0091070B /* Main.storyboard */,
				AB40EE2E23475F9A0091070B /* Assets.xcassets */,
				AB40EE3023475F9A0091070B /* LaunchScreen.storyboard */,
				AB40EE3323475F9A0091070B /* Info.plist */,
			);
			path = Example;
			sourceTree = "<group>";
		};
		AB40EE3923475FE20091070B /* Flows */ = {
			isa = PBXGroup;
			children = (
				AB40EE3A23475FE70091070B /* A */,
				AB40EE3B23475FEC0091070B /* B */,
			);
			path = Flows;
			sourceTree = "<group>";
		};
		AB40EE3A23475FE70091070B /* A */ = {
			isa = PBXGroup;
			children = (
				AB1B8AD3234CB19F004D1952 /* Controllers */,
				AB1B8AD4234CB1A7004D1952 /* Factory */,
				AB1B8AD5234CB1AB004D1952 /* Coordinator */,
				AB1B8AD6234CB1AF004D1952 /* Storyboard */,
			);
			path = A;
			sourceTree = "<group>";
		};
		AB40EE3B23475FEC0091070B /* B */ = {
			isa = PBXGroup;
			children = (
				ABB1FAF0234D2FEA004278DE /* Controller */,
				ABB1FAF1234D2FF3004278DE /* Factory */,
				ABB1FAF2234D2FF7004278DE /* Coordinator */,
				ABB1FAF3234D2FFC004278DE /* Storyboard */,
			);
			path = B;
			sourceTree = "<group>";
		};
		AB40EE40234761870091070B /* Frameworks */ = {
			isa = PBXGroup;
			children = (
			);
			name = Frameworks;
			sourceTree = "<group>";
		};
		ABB1FAF0234D2FEA004278DE /* Controller */ = {
			isa = PBXGroup;
			children = (
				AB40EE3723475FBE0091070B /* BViewController.swift */,
				AB1B8AD1234CB198004D1952 /* BViewOutput.swift */,
			);
			path = Controller;
			sourceTree = "<group>";
		};
		ABB1FAF1234D2FF3004278DE /* Factory */ = {
			isa = PBXGroup;
			children = (
				AB1B8ACF234CB187004D1952 /* BFactory.swift */,
			);
			path = Factory;
			sourceTree = "<group>";
		};
		ABB1FAF2234D2FF7004278DE /* Coordinator */ = {
			isa = PBXGroup;
			children = (
				AB40EE49234764580091070B /* BCoordinator.swift */,
			);
			path = Coordinator;
			sourceTree = "<group>";
		};
		ABB1FAF3234D2FFC004278DE /* Storyboard */ = {
			isa = PBXGroup;
			children = (
				AB1B8ACD234CB06F004D1952 /* BStoryboard.storyboard */,
			);
			path = Storyboard;
			sourceTree = "<group>";
		};
		ABBF75CC234C9E6300B9FE12 /* Factory */ = {
			isa = PBXGroup;
			children = (
				ABBF75CD234C9E6D00B9FE12 /* Factory.swift */,
			);
			path = Factory;
			sourceTree = "<group>";
		};
		ABBF75CF234CA08F00B9FE12 /* Router */ = {
			isa = PBXGroup;
			children = (
				ABBF75D0234CA09900B9FE12 /* Router.swift */,
				ABBF75D7234CA7FF00B9FE12 /* BaseView.swift */,
				ABBF75D2234CA3F200B9FE12 /* Presentable.swift */,
			);
			path = Router;
			sourceTree = "<group>";
		};
/* End PBXGroup section */

/* Begin PBXHeadersBuildPhase section */
		AB40EDE623475B840091070B /* Headers */ = {
			isa = PBXHeadersBuildPhase;
			buildActionMask = 2147483647;
			files = (
				AB40EDFC23475B850091070B /* Coordinator.h in Headers */,
			);
			runOnlyForDeploymentPostprocessing = 0;
		};
/* End PBXHeadersBuildPhase section */

/* Begin PBXNativeTarget section */
		AB40EDEA23475B840091070B /* Coordinator */ = {
			isa = PBXNativeTarget;
			buildConfigurationList = AB40EDFF23475B850091070B /* Build configuration list for PBXNativeTarget "Coordinator" */;
			buildPhases = (
				AB40EDE623475B840091070B /* Headers */,
				AB40EDE723475B840091070B /* Sources */,
				AB40EDE823475B840091070B /* Frameworks */,
				AB40EDE923475B840091070B /* Resources */,
			);
			buildRules = (
			);
			dependencies = (
			);
			name = Coordinator;
			productName = Coordinator;
			productReference = AB40EDEB23475B840091070B /* Coordinator.framework */;
			productType = "com.apple.product-type.framework";
		};
		AB40EDF323475B850091070B /* CoordinatorTests */ = {
			isa = PBXNativeTarget;
			buildConfigurationList = AB40EE0223475B850091070B /* Build configuration list for PBXNativeTarget "CoordinatorTests" */;
			buildPhases = (
				AB40EDF023475B850091070B /* Sources */,
				AB40EDF123475B850091070B /* Frameworks */,
				AB40EDF223475B850091070B /* Resources */,
			);
			buildRules = (
			);
			dependencies = (
				AB40EDF723475B850091070B /* PBXTargetDependency */,
			);
			name = CoordinatorTests;
			productName = CoordinatorTests;
			productReference = AB40EDF423475B850091070B /* CoordinatorTests.xctest */;
			productType = "com.apple.product-type.bundle.unit-test";
		};
		AB40EE2223475F990091070B /* Example */ = {
			isa = PBXNativeTarget;
			buildConfigurationList = AB40EE3423475F9A0091070B /* Build configuration list for PBXNativeTarget "Example" */;
			buildPhases = (
				AB40EE1F23475F990091070B /* Sources */,
				AB40EE2023475F990091070B /* Frameworks */,
				AB40EE2123475F990091070B /* Resources */,
			);
			buildRules = (
			);
			dependencies = (
				AB40EE472347619D0091070B /* PBXTargetDependency */,
			);
			name = Example;
			productName = Example;
			productReference = AB40EE2323475F990091070B /* Example.app */;
			productType = "com.apple.product-type.application";
		};
/* End PBXNativeTarget section */

/* Begin PBXProject section */
		AB40EDE223475B840091070B /* Project object */ = {
			isa = PBXProject;
			attributes = {
				LastSwiftUpdateCheck = 1100;
				LastUpgradeCheck = 1100;
				ORGANIZATIONNAME = StasParechyn;
				TargetAttributes = {
					AB40EDEA23475B840091070B = {
						CreatedOnToolsVersion = 11.0;
						LastSwiftMigration = 1100;
					};
					AB40EDF323475B850091070B = {
						CreatedOnToolsVersion = 11.0;
					};
					AB40EE2223475F990091070B = {
						CreatedOnToolsVersion = 11.0;
					};
				};
			};
			buildConfigurationList = AB40EDE523475B840091070B /* Build configuration list for PBXProject "Coordinator" */;
			compatibilityVersion = "Xcode 9.3";
			developmentRegion = en;
			hasScannedForEncodings = 0;
			knownRegions = (
				en,
				Base,
			);
			mainGroup = AB40EDE123475B840091070B;
			productRefGroup = AB40EDEC23475B840091070B /* Products */;
			projectDirPath = "";
			projectRoot = "";
			targets = (
				AB40EDEA23475B840091070B /* Coordinator */,
				AB40EDF323475B850091070B /* CoordinatorTests */,
				AB40EE2223475F990091070B /* Example */,
			);
		};
/* End PBXProject section */

/* Begin PBXResourcesBuildPhase section */
		AB40EDE923475B840091070B /* Resources */ = {
			isa = PBXResourcesBuildPhase;
			buildActionMask = 2147483647;
			files = (
				AB820A79234B3FD000884EF7 /* README.md in Resources */,
			);
			runOnlyForDeploymentPostprocessing = 0;
		};
		AB40EDF223475B850091070B /* Resources */ = {
			isa = PBXResourcesBuildPhase;
			buildActionMask = 2147483647;
			files = (
			);
			runOnlyForDeploymentPostprocessing = 0;
		};
		AB40EE2123475F990091070B /* Resources */ = {
			isa = PBXResourcesBuildPhase;
			buildActionMask = 2147483647;
			files = (
				AB40EE3223475F9A0091070B /* LaunchScreen.storyboard in Resources */,
				AB40EE2F23475F9A0091070B /* Assets.xcassets in Resources */,
				AB1B8ACE234CB06F004D1952 /* BStoryboard.storyboard in Resources */,
				AB40EE2D23475F9A0091070B /* Main.storyboard in Resources */,
				AB1B8ACC234CB067004D1952 /* AStoryboard.storyboard in Resources */,
			);
			runOnlyForDeploymentPostprocessing = 0;
		};
/* End PBXResourcesBuildPhase section */

/* Begin PBXSourcesBuildPhase section */
		AB40EDE723475B840091070B /* Sources */ = {
			isa = PBXSourcesBuildPhase;
			buildActionMask = 2147483647;
			files = (
				AB820A7D234B401100884EF7 /* Deinit.swift in Sources */,
				AB40EE0623475BD10091070B /* Coordinator.swift in Sources */,
				AB820A7B234B3FFF00884EF7 /* BaseVC.swift in Sources */,
				AB41FD272348E5CD00E3AE2B /* BaseCoordinator.swift in Sources */,
				ABBF75D1234CA09900B9FE12 /* Router.swift in Sources */,
				ABBF75CE234C9E6D00B9FE12 /* Factory.swift in Sources */,
				ABBF75D3234CA3F200B9FE12 /* Presentable.swift in Sources */,
				ABBF75D8234CA7FF00B9FE12 /* BaseView.swift in Sources */,
			);
			runOnlyForDeploymentPostprocessing = 0;
		};
		AB40EDF023475B850091070B /* Sources */ = {
			isa = PBXSourcesBuildPhase;
			buildActionMask = 2147483647;
			files = (
				AB40EDFA23475B850091070B /* CoordinatorTests.swift in Sources */,
			);
			runOnlyForDeploymentPostprocessing = 0;
		};
		AB40EE1F23475F990091070B /* Sources */ = {
			isa = PBXSourcesBuildPhase;
			buildActionMask = 2147483647;
			files = (
				AB40EE3D234760090091070B /* ACoordinator.swift in Sources */,
				ABBF75DA234CA85F00B9FE12 /* AFactory.swift in Sources */,
				AB1B8AD0234CB187004D1952 /* BFactory.swift in Sources */,
				AB40EE3823475FBE0091070B /* BViewController.swift in Sources */,
				AB1B8AD2234CB198004D1952 /* BViewOutput.swift in Sources */,
				AB40EE2A23475F9A0091070B /* AViewController.swift in Sources */,
				ABBF75D6234CA7E300B9FE12 /* AViewOutput.swift in Sources */,
				AB40EE2623475F9A0091070B /* AppDelegate.swift in Sources */,
				AB40EE2823475F9A0091070B /* SceneDelegate.swift in Sources */,
				AB40EE3F2347602B0091070B /* ApplicationCoordinator.swift in Sources */,
				AB40EE4A234764580091070B /* BCoordinator.swift in Sources */,
			);
			runOnlyForDeploymentPostprocessing = 0;
		};
/* End PBXSourcesBuildPhase section */

/* Begin PBXTargetDependency section */
		AB40EDF723475B850091070B /* PBXTargetDependency */ = {
			isa = PBXTargetDependency;
			target = AB40EDEA23475B840091070B /* Coordinator */;
			targetProxy = AB40EDF623475B850091070B /* PBXContainerItemProxy */;
		};
		AB40EE472347619D0091070B /* PBXTargetDependency */ = {
			isa = PBXTargetDependency;
			target = AB40EDEA23475B840091070B /* Coordinator */;
			targetProxy = AB40EE462347619D0091070B /* PBXContainerItemProxy */;
		};
/* End PBXTargetDependency section */

/* Begin PBXVariantGroup section */
		AB40EE2B23475F9A0091070B /* Main.storyboard */ = {
			isa = PBXVariantGroup;
			children = (
				AB40EE2C23475F9A0091070B /* Base */,
			);
			name = Main.storyboard;
			sourceTree = "<group>";
		};
		AB40EE3023475F9A0091070B /* LaunchScreen.storyboard */ = {
			isa = PBXVariantGroup;
			children = (
				AB40EE3123475F9A0091070B /* Base */,
			);
			name = LaunchScreen.storyboard;
			sourceTree = "<group>";
		};
/* End PBXVariantGroup section */

/* Begin XCBuildConfiguration section */
		AB40EDFD23475B850091070B /* Debug */ = {
			isa = XCBuildConfiguration;
			buildSettings = {
				ALWAYS_SEARCH_USER_PATHS = NO;
				CLANG_ANALYZER_NONNULL = YES;
				CLANG_ANALYZER_NUMBER_OBJECT_CONVERSION = YES_AGGRESSIVE;
				CLANG_CXX_LANGUAGE_STANDARD = "gnu++14";
				CLANG_CXX_LIBRARY = "libc++";
				CLANG_ENABLE_MODULES = YES;
				CLANG_ENABLE_OBJC_ARC = YES;
				CLANG_ENABLE_OBJC_WEAK = YES;
				CLANG_WARN_BLOCK_CAPTURE_AUTORELEASING = YES;
				CLANG_WARN_BOOL_CONVERSION = YES;
				CLANG_WARN_COMMA = YES;
				CLANG_WARN_CONSTANT_CONVERSION = YES;
				CLANG_WARN_DEPRECATED_OBJC_IMPLEMENTATIONS = YES;
				CLANG_WARN_DIRECT_OBJC_ISA_USAGE = YES_ERROR;
				CLANG_WARN_DOCUMENTATION_COMMENTS = YES;
				CLANG_WARN_EMPTY_BODY = YES;
				CLANG_WARN_ENUM_CONVERSION = YES;
				CLANG_WARN_INFINITE_RECURSION = YES;
				CLANG_WARN_INT_CONVERSION = YES;
				CLANG_WARN_NON_LITERAL_NULL_CONVERSION = YES;
				CLANG_WARN_OBJC_IMPLICIT_RETAIN_SELF = YES;
				CLANG_WARN_OBJC_LITERAL_CONVERSION = YES;
				CLANG_WARN_OBJC_ROOT_CLASS = YES_ERROR;
				CLANG_WARN_RANGE_LOOP_ANALYSIS = YES;
				CLANG_WARN_STRICT_PROTOTYPES = YES;
				CLANG_WARN_SUSPICIOUS_MOVE = YES;
				CLANG_WARN_UNGUARDED_AVAILABILITY = YES_AGGRESSIVE;
				CLANG_WARN_UNREACHABLE_CODE = YES;
				CLANG_WARN__DUPLICATE_METHOD_MATCH = YES;
				COPY_PHASE_STRIP = NO;
				CURRENT_PROJECT_VERSION = 1;
				DEBUG_INFORMATION_FORMAT = dwarf;
				ENABLE_STRICT_OBJC_MSGSEND = YES;
				ENABLE_TESTABILITY = YES;
				GCC_C_LANGUAGE_STANDARD = gnu11;
				GCC_DYNAMIC_NO_PIC = NO;
				GCC_NO_COMMON_BLOCKS = YES;
				GCC_OPTIMIZATION_LEVEL = 0;
				GCC_PREPROCESSOR_DEFINITIONS = (
					"DEBUG=1",
					"$(inherited)",
				);
				GCC_WARN_64_TO_32_BIT_CONVERSION = YES;
				GCC_WARN_ABOUT_RETURN_TYPE = YES_ERROR;
				GCC_WARN_UNDECLARED_SELECTOR = YES;
				GCC_WARN_UNINITIALIZED_AUTOS = YES_AGGRESSIVE;
				GCC_WARN_UNUSED_FUNCTION = YES;
				GCC_WARN_UNUSED_VARIABLE = YES;
				IPHONEOS_DEPLOYMENT_TARGET = 13.0;
				MTL_ENABLE_DEBUG_INFO = INCLUDE_SOURCE;
				MTL_FAST_MATH = YES;
				ONLY_ACTIVE_ARCH = YES;
				SDKROOT = iphoneos;
				SWIFT_ACTIVE_COMPILATION_CONDITIONS = DEBUG;
				SWIFT_OPTIMIZATION_LEVEL = "-Onone";
				VERSIONING_SYSTEM = "apple-generic";
				VERSION_INFO_PREFIX = "";
			};
			name = Debug;
		};
		AB40EDFE23475B850091070B /* Release */ = {
			isa = XCBuildConfiguration;
			buildSettings = {
				ALWAYS_SEARCH_USER_PATHS = NO;
				CLANG_ANALYZER_NONNULL = YES;
				CLANG_ANALYZER_NUMBER_OBJECT_CONVERSION = YES_AGGRESSIVE;
				CLANG_CXX_LANGUAGE_STANDARD = "gnu++14";
				CLANG_CXX_LIBRARY = "libc++";
				CLANG_ENABLE_MODULES = YES;
				CLANG_ENABLE_OBJC_ARC = YES;
				CLANG_ENABLE_OBJC_WEAK = YES;
				CLANG_WARN_BLOCK_CAPTURE_AUTORELEASING = YES;
				CLANG_WARN_BOOL_CONVERSION = YES;
				CLANG_WARN_COMMA = YES;
				CLANG_WARN_CONSTANT_CONVERSION = YES;
				CLANG_WARN_DEPRECATED_OBJC_IMPLEMENTATIONS = YES;
				CLANG_WARN_DIRECT_OBJC_ISA_USAGE = YES_ERROR;
				CLANG_WARN_DOCUMENTATION_COMMENTS = YES;
				CLANG_WARN_EMPTY_BODY = YES;
				CLANG_WARN_ENUM_CONVERSION = YES;
				CLANG_WARN_INFINITE_RECURSION = YES;
				CLANG_WARN_INT_CONVERSION = YES;
				CLANG_WARN_NON_LITERAL_NULL_CONVERSION = YES;
				CLANG_WARN_OBJC_IMPLICIT_RETAIN_SELF = YES;
				CLANG_WARN_OBJC_LITERAL_CONVERSION = YES;
				CLANG_WARN_OBJC_ROOT_CLASS = YES_ERROR;
				CLANG_WARN_RANGE_LOOP_ANALYSIS = YES;
				CLANG_WARN_STRICT_PROTOTYPES = YES;
				CLANG_WARN_SUSPICIOUS_MOVE = YES;
				CLANG_WARN_UNGUARDED_AVAILABILITY = YES_AGGRESSIVE;
				CLANG_WARN_UNREACHABLE_CODE = YES;
				CLANG_WARN__DUPLICATE_METHOD_MATCH = YES;
				COPY_PHASE_STRIP = NO;
				CURRENT_PROJECT_VERSION = 1;
				DEBUG_INFORMATION_FORMAT = "dwarf-with-dsym";
				ENABLE_NS_ASSERTIONS = NO;
				ENABLE_STRICT_OBJC_MSGSEND = YES;
				GCC_C_LANGUAGE_STANDARD = gnu11;
				GCC_NO_COMMON_BLOCKS = YES;
				GCC_WARN_64_TO_32_BIT_CONVERSION = YES;
				GCC_WARN_ABOUT_RETURN_TYPE = YES_ERROR;
				GCC_WARN_UNDECLARED_SELECTOR = YES;
				GCC_WARN_UNINITIALIZED_AUTOS = YES_AGGRESSIVE;
				GCC_WARN_UNUSED_FUNCTION = YES;
				GCC_WARN_UNUSED_VARIABLE = YES;
				IPHONEOS_DEPLOYMENT_TARGET = 13.0;
				MTL_ENABLE_DEBUG_INFO = NO;
				MTL_FAST_MATH = YES;
				SDKROOT = iphoneos;
				SWIFT_COMPILATION_MODE = wholemodule;
				SWIFT_OPTIMIZATION_LEVEL = "-O";
				VALIDATE_PRODUCT = YES;
				VERSIONING_SYSTEM = "apple-generic";
				VERSION_INFO_PREFIX = "";
			};
			name = Release;
		};
		AB40EE0023475B850091070B /* Debug */ = {
			isa = XCBuildConfiguration;
			buildSettings = {
				CLANG_ENABLE_MODULES = YES;
				CODE_SIGN_STYLE = Automatic;
				DEFINES_MODULE = YES;
				DEVELOPMENT_TEAM = 67Q97BL8DX;
				DYLIB_COMPATIBILITY_VERSION = 1;
				DYLIB_CURRENT_VERSION = 1;
				DYLIB_INSTALL_NAME_BASE = "@rpath";
				INFOPLIST_FILE = Coordinator/Info.plist;
				INSTALL_PATH = "$(LOCAL_LIBRARY_DIR)/Frameworks";
				LD_RUNPATH_SEARCH_PATHS = (
					"$(inherited)",
					"@executable_path/Frameworks",
					"@loader_path/Frameworks",
				);
				PRODUCT_BUNDLE_IDENTIFIER = com.stasparechyn.Coordinator;
				PRODUCT_NAME = "$(TARGET_NAME:c99extidentifier)";
				SKIP_INSTALL = YES;
				SWIFT_OPTIMIZATION_LEVEL = "-Onone";
				SWIFT_VERSION = 5.0;
				TARGETED_DEVICE_FAMILY = "1,2";
			};
			name = Debug;
		};
		AB40EE0123475B850091070B /* Release */ = {
			isa = XCBuildConfiguration;
			buildSettings = {
				CLANG_ENABLE_MODULES = YES;
				CODE_SIGN_STYLE = Automatic;
				DEFINES_MODULE = YES;
				DEVELOPMENT_TEAM = 67Q97BL8DX;
				DYLIB_COMPATIBILITY_VERSION = 1;
				DYLIB_CURRENT_VERSION = 1;
				DYLIB_INSTALL_NAME_BASE = "@rpath";
				INFOPLIST_FILE = Coordinator/Info.plist;
				INSTALL_PATH = "$(LOCAL_LIBRARY_DIR)/Frameworks";
				LD_RUNPATH_SEARCH_PATHS = (
					"$(inherited)",
					"@executable_path/Frameworks",
					"@loader_path/Frameworks",
				);
				PRODUCT_BUNDLE_IDENTIFIER = com.stasparechyn.Coordinator;
				PRODUCT_NAME = "$(TARGET_NAME:c99extidentifier)";
				SKIP_INSTALL = YES;
				SWIFT_VERSION = 5.0;
				TARGETED_DEVICE_FAMILY = "1,2";
			};
			name = Release;
		};
		AB40EE0323475B850091070B /* Debug */ = {
			isa = XCBuildConfiguration;
			buildSettings = {
				ALWAYS_EMBED_SWIFT_STANDARD_LIBRARIES = YES;
				CODE_SIGN_STYLE = Automatic;
				DEVELOPMENT_TEAM = 67Q97BL8DX;
				INFOPLIST_FILE = CoordinatorTests/Info.plist;
				LD_RUNPATH_SEARCH_PATHS = (
					"$(inherited)",
					"@executable_path/Frameworks",
					"@loader_path/Frameworks",
				);
				PRODUCT_BUNDLE_IDENTIFIER = com.stasparechyn.CoordinatorTests;
				PRODUCT_NAME = "$(TARGET_NAME)";
				SWIFT_VERSION = 5.0;
				TARGETED_DEVICE_FAMILY = "1,2";
			};
			name = Debug;
		};
		AB40EE0423475B850091070B /* Release */ = {
			isa = XCBuildConfiguration;
			buildSettings = {
				ALWAYS_EMBED_SWIFT_STANDARD_LIBRARIES = YES;
				CODE_SIGN_STYLE = Automatic;
				DEVELOPMENT_TEAM = 67Q97BL8DX;
				INFOPLIST_FILE = CoordinatorTests/Info.plist;
				LD_RUNPATH_SEARCH_PATHS = (
					"$(inherited)",
					"@executable_path/Frameworks",
					"@loader_path/Frameworks",
				);
				PRODUCT_BUNDLE_IDENTIFIER = com.stasparechyn.CoordinatorTests;
				PRODUCT_NAME = "$(TARGET_NAME)";
				SWIFT_VERSION = 5.0;
				TARGETED_DEVICE_FAMILY = "1,2";
			};
			name = Release;
		};
		AB40EE3523475F9A0091070B /* Debug */ = {
			isa = XCBuildConfiguration;
			buildSettings = {
				ASSETCATALOG_COMPILER_APPICON_NAME = AppIcon;
				CODE_SIGN_STYLE = Automatic;
				DEVELOPMENT_TEAM = 67Q97BL8DX;
				INFOPLIST_FILE = Example/Info.plist;
				LD_RUNPATH_SEARCH_PATHS = (
					"$(inherited)",
					"@executable_path/Frameworks",
				);
				PRODUCT_BUNDLE_IDENTIFIER = com.stasparechyn.Example;
				PRODUCT_NAME = "$(TARGET_NAME)";
				SWIFT_VERSION = 5.0;
				TARGETED_DEVICE_FAMILY = "1,2";
			};
			name = Debug;
		};
		AB40EE3623475F9A0091070B /* Release */ = {
			isa = XCBuildConfiguration;
			buildSettings = {
				ASSETCATALOG_COMPILER_APPICON_NAME = AppIcon;
				CODE_SIGN_STYLE = Automatic;
				DEVELOPMENT_TEAM = 67Q97BL8DX;
				INFOPLIST_FILE = Example/Info.plist;
				LD_RUNPATH_SEARCH_PATHS = (
					"$(inherited)",
					"@executable_path/Frameworks",
				);
				PRODUCT_BUNDLE_IDENTIFIER = com.stasparechyn.Example;
				PRODUCT_NAME = "$(TARGET_NAME)";
				SWIFT_VERSION = 5.0;
				TARGETED_DEVICE_FAMILY = "1,2";
			};
			name = Release;
		};
/* End XCBuildConfiguration section */

/* Begin XCConfigurationList section */
		AB40EDE523475B840091070B /* Build configuration list for PBXProject "Coordinator" */ = {
			isa = XCConfigurationList;
			buildConfigurations = (
				AB40EDFD23475B850091070B /* Debug */,
				AB40EDFE23475B850091070B /* Release */,
			);
			defaultConfigurationIsVisible = 0;
			defaultConfigurationName = Release;
		};
		AB40EDFF23475B850091070B /* Build configuration list for PBXNativeTarget "Coordinator" */ = {
			isa = XCConfigurationList;
			buildConfigurations = (
				AB40EE0023475B850091070B /* Debug */,
				AB40EE0123475B850091070B /* Release */,
			);
			defaultConfigurationIsVisible = 0;
			defaultConfigurationName = Release;
		};
		AB40EE0223475B850091070B /* Build configuration list for PBXNativeTarget "CoordinatorTests" */ = {
			isa = XCConfigurationList;
			buildConfigurations = (
				AB40EE0323475B850091070B /* Debug */,
				AB40EE0423475B850091070B /* Release */,
			);
			defaultConfigurationIsVisible = 0;
			defaultConfigurationName = Release;
		};
		AB40EE3423475F9A0091070B /* Build configuration list for PBXNativeTarget "Example" */ = {
			isa = XCConfigurationList;
			buildConfigurations = (
				AB40EE3523475F9A0091070B /* Debug */,
				AB40EE3623475F9A0091070B /* Release */,
			);
			defaultConfigurationIsVisible = 0;
			defaultConfigurationName = Release;
		};
/* End XCConfigurationList section */
	};
	rootObject = AB40EDE223475B840091070B /* Project object */;
}
